<?xml version="1.0" encoding="UTF-8"?>
<Scheme
   version = "1.3">
   <BuildAction>
      <BuildActionEntries>
         <BuildActionEntry
            buildForRunning = "YES">
            <BuildableReference
               BuildableIdentifier = "primary"
               BlueprintIdentifier = "4986C55FA09D398564DDAF38"
               BuildableName = "Socket"
               BlueprintName = "Socket"
               ReferencedContainer = "container:Socket.xcodeproj">
            </BuildableReference>
         </BuildActionEntry>
      </BuildActionEntries>
   </BuildAction>
   <LaunchAction
      useCustomWorkingDirectory = "YES"
      buildConfiguration = "Debug"
      customWorkingDirectory = "/Users/welshej/github/Socket/Socket">
      <BuildableProductRunnable>
         <BuildableReference
            BuildableIdentifier = "primary"
            BlueprintIdentifier = "4986C55FA09D398564DDAF38"
            BuildableName = "Socket"
            BlueprintName = "Socket"
            ReferencedContainer = "container:Socket.xcodeproj">
         </BuildableReference>
      </BuildableProductRunnable>
   </LaunchAction>
</Scheme>
