// !$*UTF8*$!
{
	archiveVersion = 1;
	classes = {
	};
	objectVersion = 46;
	objects = {

/* Begin PBXBuildFile section */
		4986C8CAD37AB5E5F5EB6EE2 /* http_client.cc in Sources */ = {isa = PBXBuildFile; fileRef = 4986C4D4BA40AB60FEB4B826 /* http_client.cc */; };
		4986C906D880FA0046DFCB64 /* http_client.c in Sources */ = {isa = PBXBuildFile; fileRef = 4986CF5757C402171B71EB20 /* http_client.c */; };
/* End PBXBuildFile section */

/* Begin PBXCopyFilesBuildPhase section */
		4986C9A5337BCF0CFB83AECF /* CopyFiles */ = {
			isa = PBXCopyFilesBuildPhase;
			buildActionMask = 2147483647;
			dstPath = /usr/share/man/man1/;
			dstSubfolderSpec = 0;
			files = (
			);
			runOnlyForDeploymentPostprocessing = 1;
		};
/* End PBXCopyFilesBuildPhase section */

/* Begin PBXFileReference section */
		4986C4D4BA40AB60FEB4B826 /* http_client.cc */ = {isa = PBXFileReference; fileEncoding = 4; lastKnownFileType = sourcecode.cpp.cpp; path = http_client.cc; sourceTree = "<group>"; };
		4986C7F5DE13D1182743D80B /* Socket.1 */ = {isa = PBXFileReference; lastKnownFileType = text.man; path = Socket.1; sourceTree = "<group>"; };
		4986CE57B6EBA8B2CB04A163 /* Socket */ = {isa = PBXFileReference; explicitFileType = "compiled.mach-o.executable"; includeInIndex = 0; path = Socket; sourceTree = BUILT_PRODUCTS_DIR; };
		4986CF5757C402171B71EB20 /* http_client.c */ = {isa = PBXFileReference; lastKnownFileType = sourcecode.c.c; path = http_client.c; sourceTree = "<group>"; };
/* End PBXFileReference section */

/* Begin PBXFrameworksBuildPhase section */
		4986CDF74CEB802BD7F5E54E /* Frameworks */ = {
			isa = PBXFrameworksBuildPhase;
			buildActionMask = 2147483647;
			files = (
			);
			runOnlyForDeploymentPostprocessing = 0;
		};
/* End PBXFrameworksBuildPhase section */

/* Begin PBXGroup section */
		4986C2E729D28E4B9E6CD421 /* Socket */ = {
			isa = PBXGroup;
			children = (
				4986CF5757C402171B71EB20 /* http_client.c */,
				4986C7F5DE13D1182743D80B /* Socket.1 */,
				4986C4D4BA40AB60FEB4B826 /* http_client.cc */,
			);
			path = Socket;
			sourceTree = "<group>";
		};
		4986C479FC18673F330CCB31 = {
			isa = PBXGroup;
			children = (
				4986CD31D4BAC4A81EEEA687 /* Products */,
				4986C2E729D28E4B9E6CD421 /* Socket */,
			);
			sourceTree = "<group>";
		};
		4986CD31D4BAC4A81EEEA687 /* Products */ = {
			isa = PBXGroup;
			children = (
				4986CE57B6EBA8B2CB04A163 /* Socket */,
			);
			name = Products;
			sourceTree = "<group>";
		};
/* End PBXGroup section */

/* Begin PBXNativeTarget section */
		4986C55FA09D398564DDAF38 /* Socket */ = {
			isa = PBXNativeTarget;
			buildConfigurationList = 4986CD29296B01A5CBA0FD69 /* Build configuration list for PBXNativeTarget "Socket" */;
			buildPhases = (
				4986CAF7B7E32B9252C206EC /* Sources */,
				4986CDF74CEB802BD7F5E54E /* Frameworks */,
				4986C9A5337BCF0CFB83AECF /* CopyFiles */,
			);
			buildRules = (
			);
			dependencies = (
			);
			name = Socket;
			productName = Socket;
			productReference = 4986CE57B6EBA8B2CB04A163 /* Socket */;
			productType = "com.apple.product-type.tool";
		};
/* End PBXNativeTarget section */

/* Begin PBXProject section */
		4986CB28CE93BDD09144228F /* Project object */ = {
			isa = PBXProject;
			attributes = {
				ORGANIZATIONNAME = "___FULLUSERNAME___";
			};
			buildConfigurationList = 4986C7442EC95F2A943B7D6F /* Build configuration list for PBXProject "Socket" */;
			compatibilityVersion = "Xcode 3.2";
			developmentRegion = English;
			hasScannedForEncodings = 0;
			knownRegions = (
				en,
			);
			mainGroup = 4986C479FC18673F330CCB31;
			productRefGroup = 4986CD31D4BAC4A81EEEA687 /* Products */;
			projectDirPath = "";
			projectRoot = "";
			targets = (
				4986C55FA09D398564DDAF38 /* Socket */,
			);
		};
/* End PBXProject section */

/* Begin PBXSourcesBuildPhase section */
		4986CAF7B7E32B9252C206EC /* Sources */ = {
			isa = PBXSourcesBuildPhase;
			buildActionMask = 2147483647;
			files = (
				4986C906D880FA0046DFCB64 /* http_client.c in Sources */,
				4986C8CAD37AB5E5F5EB6EE2 /* http_client.cc in Sources */,
			);
			runOnlyForDeploymentPostprocessing = 0;
		};
/* End PBXSourcesBuildPhase section */

/* Begin XCBuildConfiguration section */
		4986C26BF6BFE007E3BC0AF7 /* Release */ = {
			isa = XCBuildConfiguration;
			buildSettings = {
				PRODUCT_NAME = "$(TARGET_NAME)";
			};
			name = Release;
		};
		4986C383740537819AA4D3EB /* Release */ = {
			isa = XCBuildConfiguration;
			buildSettings = {
				ALWAYS_SEARCH_USER_PATHS = NO;
				CLANG_CXX_LANGUAGE_STANDARD = "gnu++0x";
				CLANG_CXX_LIBRARY = "libc++";
				CLANG_ENABLE_MODULES = YES;
				CLANG_ENABLE_OBJC_ARC = YES;
				CLANG_WARN_BOOL_CONVERSION = YES;
				CLANG_WARN_CONSTANT_CONVERSION = YES;
				CLANG_WARN_DIRECT_OBJC_ISA_USAGE = YES_ERROR;
				CLANG_WARN_EMPTY_BODY = YES;
				CLANG_WARN_ENUM_CONVERSION = YES;
				CLANG_WARN_INT_CONVERSION = YES;
				CLANG_WARN_OBJC_ROOT_CLASS = YES_ERROR;
				CLANG_WARN__DUPLICATE_METHOD_MATCH = YES;
				COPY_PHASE_STRIP = YES;
				DEBUG_INFORMATION_FORMAT = "dwarf-with-dsym";
				ENABLE_NS_ASSERTIONS = NO;
				GCC_C_LANGUAGE_STANDARD = gnu99;
				GCC_ENABLE_OBJC_EXCEPTIONS = YES;
				GCC_WARN_64_TO_32_BIT_CONVERSION = YES;
				GCC_WARN_ABOUT_RETURN_TYPE = YES_ERROR;
				GCC_WARN_UNDECLARED_SELECTOR = YES;
				GCC_WARN_UNINITIALIZED_AUTOS = YES_AGGRESSIVE;
				GCC_WARN_UNUSED_FUNCTION = YES;
				GCC_WARN_UNUSED_VARIABLE = YES;
				MACOSX_DEPLOYMENT_TARGET = 10.9;
				SDKROOT = macosx;
			};
			name = Release;
		};
		4986CBA00D733D4BE84EBABD /* Debug */ = {
			isa = XCBuildConfiguration;
			buildSettings = {
				PRODUCT_NAME = "$(TARGET_NAME)";
			};
			name = Debug;
		};
		4986CCB7D8D0C3DF74F6A619 /* Debug */ = {
			isa = XCBuildConfiguration;
			buildSettings = {
				ALWAYS_SEARCH_USER_PATHS = NO;
				CLANG_CXX_LANGUAGE_STANDARD = "gnu++0x";
				CLANG_CXX_LIBRARY = "libc++";
				CLANG_ENABLE_MODULES = YES;
				CLANG_ENABLE_OBJC_ARC = YES;
				CLANG_WARN_BOOL_CONVERSION = YES;
				CLANG_WARN_CONSTANT_CONVERSION = YES;
				CLANG_WARN_DIRECT_OBJC_ISA_USAGE = YES_ERROR;
				CLANG_WARN_EMPTY_BODY = YES;
				CLANG_WARN_ENUM_CONVERSION = YES;
				CLANG_WARN_INT_CONVERSION = YES;
				CLANG_WARN_OBJC_ROOT_CLASS = YES_ERROR;
				CLANG_WARN__DUPLICATE_METHOD_MATCH = YES;
				COPY_PHASE_STRIP = NO;
				GCC_C_LANGUAGE_STANDARD = gnu99;
				GCC_DYNAMIC_NO_PIC = NO;
				GCC_ENABLE_OBJC_EXCEPTIONS = YES;
				GCC_OPTIMIZATION_LEVEL = 0;
				GCC_PREPROCESSOR_DEFINITIONS = (
					"DEBUG=1",
					"$(inherited)",
				);
				GCC_SYMBOLS_PRIVATE_EXTERN = NO;
				GCC_WARN_64_TO_32_BIT_CONVERSION = YES;
				GCC_WARN_ABOUT_RETURN_TYPE = YES_ERROR;
				GCC_WARN_UNDECLARED_SELECTOR = YES;
				GCC_WARN_UNINITIALIZED_AUTOS = YES_AGGRESSIVE;
				GCC_WARN_UNUSED_FUNCTION = YES;
				GCC_WARN_UNUSED_VARIABLE = YES;
				MACOSX_DEPLOYMENT_TARGET = 10.9;
				ONLY_ACTIVE_ARCH = YES;
				SDKROOT = macosx;
			};
			name = Debug;
		};
/* End XCBuildConfiguration section */

/* Begin XCConfigurationList section */
		4986C7442EC95F2A943B7D6F /* Build configuration list for PBXProject "Socket" */ = {
			isa = XCConfigurationList;
			buildConfigurations = (
				4986C383740537819AA4D3EB /* Release */,
				4986CCB7D8D0C3DF74F6A619 /* Debug */,
			);
			defaultConfigurationIsVisible = 0;
			defaultConfigurationName = Release;
		};
		4986CD29296B01A5CBA0FD69 /* Build configuration list for PBXNativeTarget "Socket" */ = {
			isa = XCConfigurationList;
			buildConfigurations = (
				4986C26BF6BFE007E3BC0AF7 /* Release */,
				4986CBA00D733D4BE84EBABD /* Debug */,
			);
			defaultConfigurationIsVisible = 0;
		};
/* End XCConfigurationList section */
	};
	rootObject = 4986CB28CE93BDD09144228F /* Project object */;
}
